
Microsoft Visual Studio Solution File, Format Version 12.00
# Visual Studio Version 17
VisualStudioVersion = 17.3.32804.467
MinimumVisualStudioVersion = 10.0.40219.1
Project("{9A19103F-16F7-4668-BE54-9A1E7A4F7556}") = "Kmse.Core", "Kmse.Core\Kmse.Core.csproj", "{C19A410E-37E9-4807-BCD8-39D2F2337903}"
EndProject
Project("{9A19103F-16F7-4668-BE54-9A1E7A4F7556}") = "Kmse.Console", "Kmse.Console\Kmse.Console.csproj", "{42767F17-059C-4D2F-9C48-16FB2C25E652}"
EndProject
Project("{2150E333-8FDC-42A3-9474-1A3956D46DE8}") = "TestApp", "TestApp", "{91846174-F134-473F-8C48-EBE80F6A6624}"
EndProject
Project("{2150E333-8FDC-42A3-9474-1A3956D46DE8}") = "Tests", "Tests", "{EA990DDC-0F01-4B4F-B0E6-C387C93801A8}"
EndProject
Project("{9A19103F-16F7-4668-BE54-9A1E7A4F7556}") = "Kmse.Core.UnitTests", "Kmse.Core.UnitTests\Kmse.Core.UnitTests.csproj", "{930D907D-120F-4335-B920-3CB85304F915}"
EndProject
Project("{2150E333-8FDC-42A3-9474-1A3956D46DE8}") = "SolutionItems", "SolutionItems", "{46E5F1C2-6BF1-490C-8F07-6C8ADA845B51}"
	ProjectSection(SolutionItems) = preProject
		README.md = README.md
	EndProjectSection
EndProject
Project("{2150E333-8FDC-42A3-9474-1A3956D46DE8}") = "UI", "UI", "{F56B93C2-FD19-4C24-B97C-C147BD1066F9}"
EndProject
Project("{FAE04EC0-301F-11D3-BF4B-00C04F79EFBC}") = "Kmse.TestUi", "Kmse.TestUi\Kmse.TestUi.csproj", "{4E460744-AC26-462F-BE8C-CE0553BECAE4}"
EndProject
Global
	GlobalSection(SolutionConfigurationPlatforms) = preSolution
		Debug|Any CPU = Debug|Any CPU
		Release|Any CPU = Release|Any CPU
	EndGlobalSection
	GlobalSection(ProjectConfigurationPlatforms) = postSolution
		{C19A410E-37E9-4807-BCD8-39D2F2337903}.Debug|Any CPU.ActiveCfg = Debug|Any CPU
		{C19A410E-37E9-4807-BCD8-39D2F2337903}.Debug|Any CPU.Build.0 = Debug|Any CPU
		{C19A410E-37E9-4807-BCD8-39D2F2337903}.Release|Any CPU.ActiveCfg = Release|Any CPU
		{C19A410E-37E9-4807-BCD8-39D2F2337903}.Release|Any CPU.Build.0 = Release|Any CPU
		{42767F17-059C-4D2F-9C48-16FB2C25E652}.Debug|Any CPU.ActiveCfg = Debug|Any CPU
		{42767F17-059C-4D2F-9C48-16FB2C25E652}.Debug|Any CPU.Build.0 = Debug|Any CPU
		{42767F17-059C-4D2F-9C48-16FB2C25E652}.Release|Any CPU.ActiveCfg = Release|Any CPU
		{42767F17-059C-4D2F-9C48-16FB2C25E652}.Release|Any CPU.Build.0 = Release|Any CPU
		{930D907D-120F-4335-B920-3CB85304F915}.Debug|Any CPU.ActiveCfg = Debug|Any CPU
		{930D907D-120F-4335-B920-3CB85304F915}.Debug|Any CPU.Build.0 = Debug|Any CPU
		{930D907D-120F-4335-B920-3CB85304F915}.Release|Any CPU.ActiveCfg = Release|Any CPU
		{930D907D-120F-4335-B920-3CB85304F915}.Release|Any CPU.Build.0 = Release|Any CPU
		{4E460744-AC26-462F-BE8C-CE0553BECAE4}.Debug|Any CPU.ActiveCfg = Debug|Any CPU
		{4E460744-AC26-462F-BE8C-CE0553BECAE4}.Debug|Any CPU.Build.0 = Debug|Any CPU
		{4E460744-AC26-462F-BE8C-CE0553BECAE4}.Release|Any CPU.ActiveCfg = Release|Any CPU
		{4E460744-AC26-462F-BE8C-CE0553BECAE4}.Release|Any CPU.Build.0 = Release|Any CPU
	EndGlobalSection
	GlobalSection(SolutionProperties) = preSolution
		HideSolutionNode = FALSE
	EndGlobalSection
	GlobalSection(NestedProjects) = preSolution
		{42767F17-059C-4D2F-9C48-16FB2C25E652} = {91846174-F134-473F-8C48-EBE80F6A6624}
		{930D907D-120F-4335-B920-3CB85304F915} = {EA990DDC-0F01-4B4F-B0E6-C387C93801A8}
		{4E460744-AC26-462F-BE8C-CE0553BECAE4} = {F56B93C2-FD19-4C24-B97C-C147BD1066F9}
	EndGlobalSection
	GlobalSection(ExtensibilityGlobals) = postSolution
		SolutionGuid = {D1D5D57F-1DA6-49B6-8862-855742256F19}
	EndGlobalSection
EndGlobal
